<?xml version="1.0" encoding="UTF-8" standalone="yes" ?>
<CodeBlocks_project_file>
	<FileVersion major="1" minor="6" />
	<Project>
		<Option title="sdcafiine" />
		<Option makefile_is_custom="1" />
		<Option pch_mode="2" />
		<Option compiler="ppc-gcc" />
		<Build>
			<Target title="Debug">
				<Option output="bin/Debug/sdcafiine" prefix_auto="1" extension_auto="1" />
				<Option object_output="obj/Debug/" />
				<Option type="1" />
				<Option compiler="ppc-gcc" />
				<Compiler>
					<Add option="-g" />
				</Compiler>
				<MakeCommands>
					<Build command="make -j8" />
					<CompileFile command="$make -f $makefile $file" />
					<Clean command="$make -f $makefile clean$target" />
					<DistClean command="$make -f $makefile distclean$target" />
					<AskRebuildNeeded command="$make -q -f $makefile $target" />
					<SilentBuild command="make -j8 &gt; $(CMD_NULL)" />
				</MakeCommands>
			</Target>
			<Target title="build">
				<Option output="bin/Release/sdcafiine" prefix_auto="1" extension_auto="1" />
				<Option object_output="obj/Release/" />
				<Option type="1" />
				<Option compiler="ppc-gcc" />
				<Compiler>
					<Add option="-O2" />
				</Compiler>
			</Target>
		</Build>
		<Compiler>
			<Add option="-Wall" />
		</Compiler>
		<Unit filename="build/CFile.d" />
		<Unit filename="build/Directory.d" />
		<Unit filename="build/FileReplacer.d" />
		<Unit filename="build/StringTools.d" />
		<Unit filename="build/acp_functions.d" />
		<Unit filename="build/aoc_functions.d" />
		<Unit filename="build/ax_functions.d" />
		<Unit filename="build/curl_functions.d" />
		<Unit filename="build/entry.d" />
		<Unit filename="build/exception_handler.d" />
		<Unit filename="build/fs_function_patcher.d" />
		<Unit filename="build/fs_function_utils.d" />
		<Unit filename="build/fs_functions.d" />
		<Unit filename="build/fs_utils.d" />
		<Unit filename="build/function_patcher.d" />
		<Unit filename="build/gx2_functions.d" />
		<Unit filename="build/kernel_functions.d" />
		<Unit filename="build/kernel_hooks.d" />
		<Unit filename="build/logger.d" />
		<Unit filename="build/main.d" />
		<Unit filename="build/mcpHook.d" />
		<Unit filename="build/memory.d" />
		<Unit filename="build/nfp_functions.d" />
		<Unit filename="build/nn_act_functions.d" />
		<Unit filename="build/nn_nim_functions.d" />
		<Unit filename="build/nn_save_functions.d" />
		<Unit filename="build/ntag_functions.d" />
		<Unit filename="build/os_functions.d" />
		<Unit filename="build/padscore_functions.d" />
		<Unit filename="build/proc_ui_functions.d" />
		<Unit filename="build/retain_vars.d" />
		<Unit filename="build/sd_fat_devoptab.d" />
		<Unit filename="build/socket_functions.d" />
		<Unit filename="build/stubs_elf.d" />
		<Unit filename="build/sys_functions.d" />
		<Unit filename="build/syscalls.d" />
		<Unit filename="build/syscalls_asm.d" />
		<Unit filename="build/syshid_functions.d" />
		<Unit filename="build/vpad_functions.d" />
		<Unit filename="src/common/common.h" />
		<Unit filename="src/common/kernel_defs.h" />
		<Unit filename="src/common/loader_defs.h" />
		<Unit filename="src/common/os_defs.h" />
		<Unit filename="src/common/retain_vars.c">
			<Option compilerVar="CC" />
		</Unit>
		<Unit filename="src/common/retain_vars.cpp" />
		<Unit filename="src/common/retain_vars.h" />
		<Unit filename="src/common/types.h" />
		<Unit filename="src/dynamic_libs/acp_functions.c">
			<Option compilerVar="CC" />
		</Unit>
		<Unit filename="src/dynamic_libs/acp_functions.h" />
		<Unit filename="src/dynamic_libs/aoc_functions.c">
			<Option compilerVar="CC" />
		</Unit>
		<Unit filename="src/dynamic_libs/aoc_functions.h" />
		<Unit filename="src/dynamic_libs/ax_functions.c">
			<Option compilerVar="CC" />
		</Unit>
		<Unit filename="src/dynamic_libs/ax_functions.h" />
		<Unit filename="src/dynamic_libs/curl_functions.c">
			<Option compilerVar="CC" />
		</Unit>
		<Unit filename="src/dynamic_libs/curl_functions.h" />
		<Unit filename="src/dynamic_libs/fs_defs.h" />
		<Unit filename="src/dynamic_libs/fs_functions.c">
			<Option compilerVar="CC" />
		</Unit>
		<Unit filename="src/dynamic_libs/fs_functions.h" />
		<Unit filename="src/dynamic_libs/gx2_functions.c">
			<Option compilerVar="CC" />
		</Unit>
		<Unit filename="src/dynamic_libs/gx2_functions.h" />
		<Unit filename="src/dynamic_libs/gx2_types.h" />
		<Unit filename="src/dynamic_libs/nfp_functions.c">
			<Option compilerVar="CC" />
		</Unit>
		<Unit filename="src/dynamic_libs/nfp_functions.h" />
		<Unit filename="src/dynamic_libs/nn_act_functions.c">
			<Option compilerVar="CC" />
		</Unit>
		<Unit filename="src/dynamic_libs/nn_act_functions.h" />
		<Unit filename="src/dynamic_libs/nn_nim_functions.c">
			<Option compilerVar="CC" />
		</Unit>
		<Unit filename="src/dynamic_libs/nn_nim_functions.h" />
		<Unit filename="src/dynamic_libs/nn_save_functions.c">
			<Option compilerVar="CC" />
		</Unit>
		<Unit filename="src/dynamic_libs/nn_save_functions.h" />
		<Unit filename="src/dynamic_libs/ntag_functions.c">
			<Option compilerVar="CC" />
		</Unit>
		<Unit filename="src/dynamic_libs/ntag_functions.h" />
		<Unit filename="src/dynamic_libs/os_functions.c">
			<Option compilerVar="CC" />
		</Unit>
		<Unit filename="src/dynamic_libs/os_functions.h" />
		<Unit filename="src/dynamic_libs/os_types.h" />
		<Unit filename="src/dynamic_libs/padscore_functions.c">
			<Option compilerVar="CC" />
		</Unit>
		<Unit filename="src/dynamic_libs/padscore_functions.h" />
		<Unit filename="src/dynamic_libs/proc_ui_functions.c">
			<Option compilerVar="CC" />
		</Unit>
		<Unit filename="src/dynamic_libs/proc_ui_functions.h" />
		<Unit filename="src/dynamic_libs/socket_functions.c">
			<Option compilerVar="CC" />
		</Unit>
		<Unit filename="src/dynamic_libs/socket_functions.h" />
		<Unit filename="src/dynamic_libs/sys_functions.c">
			<Option compilerVar="CC" />
		</Unit>
		<Unit filename="src/dynamic_libs/sys_functions.h" />
		<Unit filename="src/dynamic_libs/syshid_functions.c">
			<Option compilerVar="CC" />
		</Unit>
		<Unit filename="src/dynamic_libs/syshid_functions.h" />
		<Unit filename="src/dynamic_libs/vpad_functions.c">
			<Option compilerVar="CC" />
		</Unit>
		<Unit filename="src/dynamic_libs/vpad_functions.h" />
		<Unit filename="src/entry.c">
			<Option compilerVar="CC" />
		</Unit>
		<Unit filename="src/fs/CFile.cpp" />
		<Unit filename="src/fs/CFile.hpp" />
		<Unit filename="src/fs/fs_utils.c">
			<Option compilerVar="CC" />
		</Unit>
		<Unit filename="src/fs/fs_utils.h" />
		<Unit filename="src/fs/sd_fat_devoptab.c">
			<Option compilerVar="CC" />
		</Unit>
		<Unit filename="src/fs/sd_fat_devoptab.h" />
		<Unit filename="src/include/sys/socket.h" />
		<Unit filename="src/include/wiiu/ax.h" />
		<Unit filename="src/include/wiiu/ax/core.h" />
		<Unit filename="src/include/wiiu/ax/device.h" />
		<Unit filename="src/include/wiiu/ax/drcvs.h" />
		<Unit filename="src/include/wiiu/ax/multivoice.h" />
		<Unit filename="src/include/wiiu/ax/result.h" />
		<Unit filename="src/include/wiiu/ax/voice.h" />
		<Unit filename="src/include/wiiu/fs.h" />
		<Unit filename="src/include/wiiu/gx2.h" />
		<Unit filename="src/include/wiiu/gx2/common.h" />
		<Unit filename="src/include/wiiu/gx2/context.h" />
		<Unit filename="src/include/wiiu/gx2/display.h" />
		<Unit filename="src/include/wiiu/gx2/displaylist.h" />
		<Unit filename="src/include/wiiu/gx2/draw.h" />
		<Unit filename="src/include/wiiu/gx2/enum.h" />
		<Unit filename="src/include/wiiu/gx2/event.h" />
		<Unit filename="src/include/wiiu/gx2/mem.h" />
		<Unit filename="src/include/wiiu/gx2/registers.h" />
		<Unit filename="src/include/wiiu/gx2/sampler.h" />
		<Unit filename="src/include/wiiu/gx2/shaders.h" />
		<Unit filename="src/include/wiiu/gx2/state.h" />
		<Unit filename="src/include/wiiu/gx2/surface.h" />
		<Unit filename="src/include/wiiu/gx2/swap.h" />
		<Unit filename="src/include/wiiu/gx2/tessellation.h" />
		<Unit filename="src/include/wiiu/gx2/texture.h" />
		<Unit filename="src/include/wiiu/gx2r.h" />
		<Unit filename="src/include/wiiu/gx2r/buffer.h" />
		<Unit filename="src/include/wiiu/gx2r/displaylist.h" />
		<Unit filename="src/include/wiiu/gx2r/draw.h" />
		<Unit filename="src/include/wiiu/gx2r/mem.h" />
		<Unit filename="src/include/wiiu/gx2r/resource.h" />
		<Unit filename="src/include/wiiu/gx2r/surface.h" />
		<Unit filename="src/include/wiiu/ios.h" />
		<Unit filename="src/include/wiiu/kpad.h" />
		<Unit filename="src/include/wiiu/mcp.h" />
		<Unit filename="src/include/wiiu/mem.h" />
		<Unit filename="src/include/wiiu/mem/baseheap.h" />
		<Unit filename="src/include/wiiu/mem/blockheap.h" />
		<Unit filename="src/include/wiiu/mem/expandedheap.h" />
		<Unit filename="src/include/wiiu/mem/frameheap.h" />
		<Unit filename="src/include/wiiu/mem/memheap.h" />
		<Unit filename="src/include/wiiu/mem/memlist.h" />
		<Unit filename="src/include/wiiu/mem/unitheap.h" />
		<Unit filename="src/include/wiiu/mp/taskqueue.h" />
		<Unit filename="src/include/wiiu/nsyskbd.h" />
		<Unit filename="src/include/wiiu/os.h" />
		<Unit filename="src/include/wiiu/os/alarm.h" />
		<Unit filename="src/include/wiiu/os/atomic64.h" />
		<Unit filename="src/include/wiiu/os/cache.h" />
		<Unit filename="src/include/wiiu/os/condition.h" />
		<Unit filename="src/include/wiiu/os/core.h" />
		<Unit filename="src/include/wiiu/os/coroutine.h" />
		<Unit filename="src/include/wiiu/os/debug.h" />
		<Unit filename="src/include/wiiu/os/dynload.h" />
		<Unit filename="src/include/wiiu/os/energy.h" />
		<Unit filename="src/include/wiiu/os/event.h" />
		<Unit filename="src/include/wiiu/os/exception.h" />
		<Unit filename="src/include/wiiu/os/fastcondition.h" />
		<Unit filename="src/include/wiiu/os/fastmutex.h" />
		<Unit filename="src/include/wiiu/os/foreground.h" />
		<Unit filename="src/include/wiiu/os/memory.h" />
		<Unit filename="src/include/wiiu/os/messagequeue.h" />
		<Unit filename="src/include/wiiu/os/mutex.h" />
		<Unit filename="src/include/wiiu/os/rendezvous.h" />
		<Unit filename="src/include/wiiu/os/screen.h" />
		<Unit filename="src/include/wiiu/os/semaphore.h" />
		<Unit filename="src/include/wiiu/os/spinlock.h" />
		<Unit filename="src/include/wiiu/os/systeminfo.h" />
		<Unit filename="src/include/wiiu/os/thread.h" />
		<Unit filename="src/include/wiiu/os/time.h" />
		<Unit filename="src/include/wiiu/os/title.h" />
		<Unit filename="src/include/wiiu/procui.h" />
		<Unit filename="src/include/wiiu/sysapp.h" />
		<Unit filename="src/include/wiiu/syshid.h" />
		<Unit filename="src/include/wiiu/types.h" />
		<Unit filename="src/include/wiiu/vpad.h" />
		<Unit filename="src/include/wiiu/wpad.h" />
		<Unit filename="src/kernel/kernel_functions.c">
			<Option compilerVar="CC" />
		</Unit>
		<Unit filename="src/kernel/kernel_functions.h" />
		<Unit filename="src/kernel/kernel_hooks.S" />
		<Unit filename="src/kernel/syscalls.c">
			<Option compilerVar="CC" />
		</Unit>
		<Unit filename="src/kernel/syscalls.h" />
		<Unit filename="src/kernel/syscalls_asm.S" />
		<Unit filename="src/main.cpp" />
		<Unit filename="src/main.h" />
		<Unit filename="src/patcher/fs_function_patcher.cpp" />
		<Unit filename="src/patcher/fs_function_patcher.h" />
		<Unit filename="src/patcher/fs_function_utils.cpp" />
		<Unit filename="src/patcher/fs_function_utils.h" />
		<Unit filename="src/system/OSThread.h" />
		<Unit filename="src/system/dynamic.c">
			<Option compilerVar="CC" />
		</Unit>
		<Unit filename="src/system/dynamic.h" />
		<Unit filename="src/system/exception_handler.c">
			<Option compilerVar="CC" />
		</Unit>
		<Unit filename="src/system/exception_handler.h" />
		<Unit filename="src/system/imports.h" />
		<Unit filename="src/system/memory.c">
			<Option compilerVar="CC" />
		</Unit>
		<Unit filename="src/system/memory.h" />
		<Unit filename="src/system/stubs_elf.S" />
		<Unit filename="src/utils/Directory.cpp" />
		<Unit filename="src/utils/Directory.h" />
		<Unit filename="src/utils/FileReplacer.cpp" />
		<Unit filename="src/utils/FileReplacer.h" />
		<Unit filename="src/utils/StringTools.cpp" />
		<Unit filename="src/utils/StringTools.h" />
		<Unit filename="src/utils/function_patcher.cpp" />
		<Unit filename="src/utils/function_patcher.h" />
		<Unit filename="src/utils/logger.c">
			<Option compilerVar="CC" />
		</Unit>
		<Unit filename="src/utils/logger.h" />
		<Unit filename="src/utils/mcpHook.c">
			<Option compilerVar="CC" />
		</Unit>
		<Unit filename="src/utils/mcpHook.cpp" />
		<Unit filename="src/utils/mcpHook.h" />
		<Extensions>
			<code_completion />
			<envvars />
			<debugger />
			<lib_finder disable_auto="1" />
		</Extensions>
	</Project>
</CodeBlocks_project_file>
