<?xml version="1.0" encoding="UTF-8" standalone="yes" ?>
<CodeBlocks_project_file>
	<FileVersion major="1" minor="6" />
	<Project>
		<Option title="sdcafiine" />
		<Option makefile_is_custom="1" />
		<Option pch_mode="2" />
		<Option compiler="ppc-gcc" />
		<Build>
			<Target title="Debug">
				<Option output="bin/Debug/sdcafiine" prefix_auto="1" extension_auto="1" />
				<Option object_output="obj/Debug/" />
				<Option type="1" />
				<Option compiler="ppc-gcc" />
				<Compiler>
					<Add option="-g" />
				</Compiler>
				<MakeCommands>
					<Build command="make -j8" />
					<CompileFile command="$make -f $makefile $file" />
					<Clean command="$make -f $makefile clean$target" />
					<DistClean command="$make -f $makefile distclean$target" />
					<AskRebuildNeeded command="$make -q -f $makefile $target" />
					<SilentBuild command="make -j8 &gt; $(CMD_NULL)" />
				</MakeCommands>
			</Target>
			<Target title="build">
				<Option output="bin/Release/sdcafiine" prefix_auto="1" extension_auto="1" />
				<Option object_output="obj/Release/" />
				<Option type="1" />
				<Option compiler="ppc-gcc" />
				<Compiler>
					<Add option="-O2" />
				</Compiler>
			</Target>
		</Build>
		<Compiler>
			<Add option="-Wall" />
		</Compiler>
		<Unit filename="build/CFile.d" />
		<Unit filename="build/DirList.d" />
		<Unit filename="build/Directory.d" />
		<Unit filename="build/FileReplacerUtils.d" />
		<Unit filename="build/StringTools.d" />
		<Unit filename="build/acp_functions.d" />
		<Unit filename="build/aoc_functions.d" />
		<Unit filename="build/ax_functions.d" />
		<Unit filename="build/curl_functions.d" />
		<Unit filename="build/entry.d" />
		<Unit filename="build/exception_handler.d" />
		<Unit filename="build/fs_function_patcher.d" />
		<Unit filename="build/fs_function_utils.d" />
		<Unit filename="build/fs_functions.d" />
		<Unit filename="build/fs_utils.d" />
		<Unit filename="build/function_patcher.d" />
		<Unit filename="build/gx2_functions.d" />
		<Unit filename="build/kernel_functions.d" />
		<Unit filename="build/kernel_hooks.d" />
		<Unit filename="build/libfat_wrapper.d" />
		<Unit filename="build/logger.d" />
		<Unit filename="build/main.d" />
		<Unit filename="build/mcpHook.d" />
		<Unit filename="build/memory.d" />
		<Unit filename="build/mocha.d" />
		<Unit filename="build/modpackSelector.d" />
		<Unit filename="build/nfp_functions.d" />
		<Unit filename="build/nn_act_functions.d" />
		<Unit filename="build/nn_nim_functions.d" />
		<Unit filename="build/nn_save_functions.d" />
		<Unit filename="build/ntag_functions.d" />
		<Unit filename="build/os_functions.d" />
		<Unit filename="build/padscore_functions.d" />
		<Unit filename="build/proc_ui_functions.d" />
		<Unit filename="build/retain_vars.d" />
		<Unit filename="build/sd_fat_devoptab.d" />
		<Unit filename="build/socket_functions.d" />
		<Unit filename="build/sys_functions.d" />
		<Unit filename="build/syscalls.d" />
		<Unit filename="build/syscalls_asm.d" />
		<Unit filename="build/syshid_functions.d" />
		<Unit filename="build/vpad_functions.d" />
		<Unit filename="src/common/common.h" />
		<Unit filename="src/common/kernel_defs.h" />
		<Unit filename="src/common/loader_defs.h" />
		<Unit filename="src/common/os_defs.h" />
		<Unit filename="src/common/retain_vars.cpp" />
		<Unit filename="src/common/retain_vars.h" />
		<Unit filename="src/common/types.h" />
		<Unit filename="src/dynamic_libs/acp_functions.c">
			<Option compilerVar="CC" />
		</Unit>
		<Unit filename="src/dynamic_libs/acp_functions.h" />
		<Unit filename="src/dynamic_libs/aoc_functions.c">
			<Option compilerVar="CC" />
		</Unit>
		<Unit filename="src/dynamic_libs/aoc_functions.h" />
		<Unit filename="src/dynamic_libs/ax_functions.c">
			<Option compilerVar="CC" />
		</Unit>
		<Unit filename="src/dynamic_libs/ax_functions.h" />
		<Unit filename="src/dynamic_libs/curl_functions.c">
			<Option compilerVar="CC" />
		</Unit>
		<Unit filename="src/dynamic_libs/curl_functions.h" />
		<Unit filename="src/dynamic_libs/fs_defs.h" />
		<Unit filename="src/dynamic_libs/fs_functions.c">
			<Option compilerVar="CC" />
		</Unit>
		<Unit filename="src/dynamic_libs/fs_functions.h" />
		<Unit filename="src/dynamic_libs/gx2_functions.c">
			<Option compilerVar="CC" />
		</Unit>
		<Unit filename="src/dynamic_libs/gx2_functions.h" />
		<Unit filename="src/dynamic_libs/gx2_types.h" />
		<Unit filename="src/dynamic_libs/nfp_functions.c">
			<Option compilerVar="CC" />
		</Unit>
		<Unit filename="src/dynamic_libs/nfp_functions.h" />
		<Unit filename="src/dynamic_libs/nn_act_functions.c">
			<Option compilerVar="CC" />
		</Unit>
		<Unit filename="src/dynamic_libs/nn_act_functions.h" />
		<Unit filename="src/dynamic_libs/nn_nim_functions.c">
			<Option compilerVar="CC" />
		</Unit>
		<Unit filename="src/dynamic_libs/nn_nim_functions.h" />
		<Unit filename="src/dynamic_libs/nn_save_functions.c">
			<Option compilerVar="CC" />
		</Unit>
		<Unit filename="src/dynamic_libs/nn_save_functions.h" />
		<Unit filename="src/dynamic_libs/ntag_functions.c">
			<Option compilerVar="CC" />
		</Unit>
		<Unit filename="src/dynamic_libs/ntag_functions.h" />
		<Unit filename="src/dynamic_libs/os_functions.c">
			<Option compilerVar="CC" />
		</Unit>
		<Unit filename="src/dynamic_libs/os_functions.h" />
		<Unit filename="src/dynamic_libs/os_types.h" />
		<Unit filename="src/dynamic_libs/padscore_functions.c">
			<Option compilerVar="CC" />
		</Unit>
		<Unit filename="src/dynamic_libs/padscore_functions.h" />
		<Unit filename="src/dynamic_libs/proc_ui_functions.c">
			<Option compilerVar="CC" />
		</Unit>
		<Unit filename="src/dynamic_libs/proc_ui_functions.h" />
		<Unit filename="src/dynamic_libs/socket_functions.c">
			<Option compilerVar="CC" />
		</Unit>
		<Unit filename="src/dynamic_libs/socket_functions.h" />
		<Unit filename="src/dynamic_libs/sys_functions.c">
			<Option compilerVar="CC" />
		</Unit>
		<Unit filename="src/dynamic_libs/sys_functions.h" />
		<Unit filename="src/dynamic_libs/syshid_functions.c">
			<Option compilerVar="CC" />
		</Unit>
		<Unit filename="src/dynamic_libs/syshid_functions.h" />
		<Unit filename="src/dynamic_libs/vpad_functions.c">
			<Option compilerVar="CC" />
		</Unit>
		<Unit filename="src/dynamic_libs/vpad_functions.h" />
		<Unit filename="src/entry.c">
			<Option compilerVar="CC" />
		</Unit>
		<Unit filename="src/fs/CFile.cpp" />
		<Unit filename="src/fs/CFile.hpp" />
		<Unit filename="src/fs/DirList.cpp" />
		<Unit filename="src/fs/DirList.h" />
		<Unit filename="src/fs/fs_utils.cpp" />
		<Unit filename="src/fs/fs_utils.h" />
		<Unit filename="src/fs/libfat_wrapper.cpp" />
		<Unit filename="src/fs/libfat_wrapper.h" />
		<Unit filename="src/fs/sd_fat_devoptab.c">
			<Option compilerVar="CC" />
		</Unit>
		<Unit filename="src/fs/sd_fat_devoptab.h" />
		<Unit filename="src/kernel/kernel_functions.c">
			<Option compilerVar="CC" />
		</Unit>
		<Unit filename="src/kernel/kernel_functions.h" />
		<Unit filename="src/kernel/kernel_hooks.S" />
		<Unit filename="src/kernel/syscalls.c">
			<Option compilerVar="CC" />
		</Unit>
		<Unit filename="src/kernel/syscalls.h" />
		<Unit filename="src/kernel/syscalls_asm.S" />
		<Unit filename="src/main.cpp" />
		<Unit filename="src/main.h" />
		<Unit filename="src/mocha/common/config_types.h" />
		<Unit filename="src/mocha/common/kernel_commands.h" />
		<Unit filename="src/mocha/ios_acp/build/main.d" />
		<Unit filename="src/mocha/ios_acp/ios_acp.bin.h" />
		<Unit filename="src/mocha/ios_acp/ios_acp_syms.h" />
		<Unit filename="src/mocha/ios_acp/source/imports.h" />
		<Unit filename="src/mocha/ios_acp/source/main.c">
			<Option compilerVar="CC" />
		</Unit>
		<Unit filename="src/mocha/ios_acp/source/types.h" />
		<Unit filename="src/mocha/ios_bsp/build/fsa.d" />
		<Unit filename="src/mocha/ios_bsp/build/seeprom.d" />
		<Unit filename="src/mocha/ios_bsp/build/seeprom_asm.d" />
		<Unit filename="src/mocha/ios_bsp/build/svc.d" />
		<Unit filename="src/mocha/ios_bsp/ios_bsp.bin.h" />
		<Unit filename="src/mocha/ios_bsp/ios_bsp_syms.h" />
		<Unit filename="src/mocha/ios_bsp/source/fsa.c">
			<Option compilerVar="CC" />
		</Unit>
		<Unit filename="src/mocha/ios_bsp/source/fsa.h" />
		<Unit filename="src/mocha/ios_bsp/source/seeprom.c">
			<Option compilerVar="CC" />
		</Unit>
		<Unit filename="src/mocha/ios_bsp/source/seeprom_asm.s" />
		<Unit filename="src/mocha/ios_bsp/source/svc.h" />
		<Unit filename="src/mocha/ios_bsp/source/svc.s" />
		<Unit filename="src/mocha/ios_bsp/source/types.h" />
		<Unit filename="src/mocha/ios_fs/build/devices.d" />
		<Unit filename="src/mocha/ios_fs/build/dumper.d" />
		<Unit filename="src/mocha/ios_fs/build/fat32_format.d" />
		<Unit filename="src/mocha/ios_fs/build/font.d" />
		<Unit filename="src/mocha/ios_fs/build/fsa.d" />
		<Unit filename="src/mocha/ios_fs/build/function_hooks.d" />
		<Unit filename="src/mocha/ios_fs/build/main.d" />
		<Unit filename="src/mocha/ios_fs/build/mlcio.d" />
		<Unit filename="src/mocha/ios_fs/build/sdio.d" />
		<Unit filename="src/mocha/ios_fs/build/svc.d" />
		<Unit filename="src/mocha/ios_fs/build/text.d" />
		<Unit filename="src/mocha/ios_fs/ios_fs.bin.h" />
		<Unit filename="src/mocha/ios_fs/ios_fs_syms.h" />
		<Unit filename="src/mocha/ios_fs/source/devices.c">
			<Option compilerVar="CC" />
		</Unit>
		<Unit filename="src/mocha/ios_fs/source/devices.h" />
		<Unit filename="src/mocha/ios_fs/source/dumper.c">
			<Option compilerVar="CC" />
		</Unit>
		<Unit filename="src/mocha/ios_fs/source/dumper.h" />
		<Unit filename="src/mocha/ios_fs/source/fat32_format.c">
			<Option compilerVar="CC" />
		</Unit>
		<Unit filename="src/mocha/ios_fs/source/fat32_format.h" />
		<Unit filename="src/mocha/ios_fs/source/font.c">
			<Option compilerVar="CC" />
		</Unit>
		<Unit filename="src/mocha/ios_fs/source/font_bin.h" />
		<Unit filename="src/mocha/ios_fs/source/fsa.c">
			<Option compilerVar="CC" />
		</Unit>
		<Unit filename="src/mocha/ios_fs/source/fsa.h" />
		<Unit filename="src/mocha/ios_fs/source/function_hooks.s" />
		<Unit filename="src/mocha/ios_fs/source/hardware_registers.h" />
		<Unit filename="src/mocha/ios_fs/source/imports.h" />
		<Unit filename="src/mocha/ios_fs/source/main.c">
			<Option compilerVar="CC" />
		</Unit>
		<Unit filename="src/mocha/ios_fs/source/mlcio.c">
			<Option compilerVar="CC" />
		</Unit>
		<Unit filename="src/mocha/ios_fs/source/mlcio.h" />
		<Unit filename="src/mocha/ios_fs/source/sdio.c">
			<Option compilerVar="CC" />
		</Unit>
		<Unit filename="src/mocha/ios_fs/source/sdio.h" />
		<Unit filename="src/mocha/ios_fs/source/svc.h" />
		<Unit filename="src/mocha/ios_fs/source/svc.s" />
		<Unit filename="src/mocha/ios_fs/source/text.c">
			<Option compilerVar="CC" />
		</Unit>
		<Unit filename="src/mocha/ios_fs/source/text.h" />
		<Unit filename="src/mocha/ios_fs/source/types.h" />
		<Unit filename="src/mocha/ios_kernel/build/crt0.d" />
		<Unit filename="src/mocha/ios_kernel/build/elf_patcher.d" />
		<Unit filename="src/mocha/ios_kernel/build/exception_handler.d" />
		<Unit filename="src/mocha/ios_kernel/build/fsa.d" />
		<Unit filename="src/mocha/ios_kernel/build/instant_patches.d" />
		<Unit filename="src/mocha/ios_kernel/build/ios_acp_patches.d" />
		<Unit filename="src/mocha/ios_kernel/build/ios_acp_patches_asm.d" />
		<Unit filename="src/mocha/ios_kernel/build/ios_bsp_patches.d" />
		<Unit filename="src/mocha/ios_kernel/build/ios_fs_patches.d" />
		<Unit filename="src/mocha/ios_kernel/build/ios_fs_patches_asm.d" />
		<Unit filename="src/mocha/ios_kernel/build/ios_mcp_patches.d" />
		<Unit filename="src/mocha/ios_kernel/build/ios_mcp_patches_asm.d" />
		<Unit filename="src/mocha/ios_kernel/build/kernel_patches.d" />
		<Unit filename="src/mocha/ios_kernel/build/kernel_patches_asm.d" />
		<Unit filename="src/mocha/ios_kernel/build/main.d" />
		<Unit filename="src/mocha/ios_kernel/build/redirection_setup.d" />
		<Unit filename="src/mocha/ios_kernel/build/text.d" />
		<Unit filename="src/mocha/ios_kernel/build/utils.d" />
		<Unit filename="src/mocha/ios_kernel/ios_kernel.bin.h" />
		<Unit filename="src/mocha/ios_kernel/ios_kernel_syms.h" />
		<Unit filename="src/mocha/ios_kernel/source/config.h" />
		<Unit filename="src/mocha/ios_kernel/source/crt0.s" />
		<Unit filename="src/mocha/ios_kernel/source/elf_abi.h" />
		<Unit filename="src/mocha/ios_kernel/source/elf_patcher.c">
			<Option compilerVar="CC" />
		</Unit>
		<Unit filename="src/mocha/ios_kernel/source/elf_patcher.h" />
		<Unit filename="src/mocha/ios_kernel/source/exception_handler.c">
			<Option compilerVar="CC" />
		</Unit>
		<Unit filename="src/mocha/ios_kernel/source/exception_handler.h" />
		<Unit filename="src/mocha/ios_kernel/source/font_bin.h" />
		<Unit filename="src/mocha/ios_kernel/source/fsa.c">
			<Option compilerVar="CC" />
		</Unit>
		<Unit filename="src/mocha/ios_kernel/source/fsa.h" />
		<Unit filename="src/mocha/ios_kernel/source/instant_patches.c">
			<Option compilerVar="CC" />
		</Unit>
		<Unit filename="src/mocha/ios_kernel/source/instant_patches.h" />
		<Unit filename="src/mocha/ios_kernel/source/ios_acp_patches.c">
			<Option compilerVar="CC" />
		</Unit>
		<Unit filename="src/mocha/ios_kernel/source/ios_acp_patches.h" />
		<Unit filename="src/mocha/ios_kernel/source/ios_acp_patches_asm.s" />
		<Unit filename="src/mocha/ios_kernel/source/ios_bsp_patches.c">
			<Option compilerVar="CC" />
		</Unit>
		<Unit filename="src/mocha/ios_kernel/source/ios_bsp_patches.h" />
		<Unit filename="src/mocha/ios_kernel/source/ios_fs_patches.c">
			<Option compilerVar="CC" />
		</Unit>
		<Unit filename="src/mocha/ios_kernel/source/ios_fs_patches.h" />
		<Unit filename="src/mocha/ios_kernel/source/ios_fs_patches_asm.s" />
		<Unit filename="src/mocha/ios_kernel/source/ios_mcp_patches.c">
			<Option compilerVar="CC" />
		</Unit>
		<Unit filename="src/mocha/ios_kernel/source/ios_mcp_patches.h" />
		<Unit filename="src/mocha/ios_kernel/source/ios_mcp_patches_asm.s" />
		<Unit filename="src/mocha/ios_kernel/source/kernel_patches.c">
			<Option compilerVar="CC" />
		</Unit>
		<Unit filename="src/mocha/ios_kernel/source/kernel_patches.h" />
		<Unit filename="src/mocha/ios_kernel/source/kernel_patches_asm.s" />
		<Unit filename="src/mocha/ios_kernel/source/main.c">
			<Option compilerVar="CC" />
		</Unit>
		<Unit filename="src/mocha/ios_kernel/source/redirection_setup.c">
			<Option compilerVar="CC" />
		</Unit>
		<Unit filename="src/mocha/ios_kernel/source/redirection_setup.h" />
		<Unit filename="src/mocha/ios_kernel/source/text.c">
			<Option compilerVar="CC" />
		</Unit>
		<Unit filename="src/mocha/ios_kernel/source/text.h" />
		<Unit filename="src/mocha/ios_kernel/source/types.h" />
		<Unit filename="src/mocha/ios_kernel/source/utils.c">
			<Option compilerVar="CC" />
		</Unit>
		<Unit filename="src/mocha/ios_kernel/source/utils.h" />
		<Unit filename="src/mocha/ios_mcp/build/crt0.d" />
		<Unit filename="src/mocha/ios_mcp/build/font.d" />
		<Unit filename="src/mocha/ios_mcp/build/fsa.d" />
		<Unit filename="src/mocha/ios_mcp/build/imports.d" />
		<Unit filename="src/mocha/ios_mcp/build/ipc.d" />
		<Unit filename="src/mocha/ios_mcp/build/logger.d" />
		<Unit filename="src/mocha/ios_mcp/build/main.d" />
		<Unit filename="src/mocha/ios_mcp/build/net_ifmgr_ncl.d" />
		<Unit filename="src/mocha/ios_mcp/build/socket.d" />
		<Unit filename="src/mocha/ios_mcp/build/svc.d" />
		<Unit filename="src/mocha/ios_mcp/build/text.d" />
		<Unit filename="src/mocha/ios_mcp/build/wupserver.d" />
		<Unit filename="src/mocha/ios_mcp/ios_mcp.bin.h" />
		<Unit filename="src/mocha/ios_mcp/ios_mcp_syms.h" />
		<Unit filename="src/mocha/ios_mcp/source/crt0.s" />
		<Unit filename="src/mocha/ios_mcp/source/font.c">
			<Option compilerVar="CC" />
		</Unit>
		<Unit filename="src/mocha/ios_mcp/source/font_bin.h" />
		<Unit filename="src/mocha/ios_mcp/source/fsa.c">
			<Option compilerVar="CC" />
		</Unit>
		<Unit filename="src/mocha/ios_mcp/source/fsa.h" />
		<Unit filename="src/mocha/ios_mcp/source/imports.c">
			<Option compilerVar="CC" />
		</Unit>
		<Unit filename="src/mocha/ios_mcp/source/imports.h" />
		<Unit filename="src/mocha/ios_mcp/source/ipc.c">
			<Option compilerVar="CC" />
		</Unit>
		<Unit filename="src/mocha/ios_mcp/source/ipc.h" />
		<Unit filename="src/mocha/ios_mcp/source/ipc_types.h" />
		<Unit filename="src/mocha/ios_mcp/source/logger.c">
			<Option compilerVar="CC" />
		</Unit>
		<Unit filename="src/mocha/ios_mcp/source/logger.h" />
		<Unit filename="src/mocha/ios_mcp/source/main.c">
			<Option compilerVar="CC" />
		</Unit>
		<Unit filename="src/mocha/ios_mcp/source/net_ifmgr_ncl.c">
			<Option compilerVar="CC" />
		</Unit>
		<Unit filename="src/mocha/ios_mcp/source/net_ifmgr_ncl.h" />
		<Unit filename="src/mocha/ios_mcp/source/socket.c">
			<Option compilerVar="CC" />
		</Unit>
		<Unit filename="src/mocha/ios_mcp/source/socket.h" />
		<Unit filename="src/mocha/ios_mcp/source/svc.h" />
		<Unit filename="src/mocha/ios_mcp/source/svc.s" />
		<Unit filename="src/mocha/ios_mcp/source/text.c">
			<Option compilerVar="CC" />
		</Unit>
		<Unit filename="src/mocha/ios_mcp/source/text.h" />
		<Unit filename="src/mocha/ios_mcp/source/types.h" />
		<Unit filename="src/mocha/ios_mcp/source/wupserver.c">
			<Option compilerVar="CC" />
		</Unit>
		<Unit filename="src/mocha/ios_mcp/source/wupserver.h" />
		<Unit filename="src/mocha/ios_usb/build/crt0.d" />
		<Unit filename="src/mocha/ios_usb/build/main.d" />
		<Unit filename="src/mocha/ios_usb/ios_usb.bin.h" />
		<Unit filename="src/mocha/ios_usb/ios_usb_syms.h" />
		<Unit filename="src/mocha/ios_usb/source/crt0.s" />
		<Unit filename="src/mocha/ios_usb/source/main.c">
			<Option compilerVar="CC" />
		</Unit>
		<Unit filename="src/mocha/src/cfw_config.c">
			<Option compilerVar="CC" />
		</Unit>
		<Unit filename="src/mocha/src/cfw_config.h" />
		<Unit filename="src/mocha/src/common/common.h" />
		<Unit filename="src/mocha/src/common/fs_defs.h" />
		<Unit filename="src/mocha/src/common/os_defs.h" />
		<Unit filename="src/mocha/src/common/types.h" />
		<Unit filename="src/mocha/src/dynamic_libs/fs_defs.h" />
		<Unit filename="src/mocha/src/dynamic_libs/fs_functions.c">
			<Option compilerVar="CC" />
		</Unit>
		<Unit filename="src/mocha/src/dynamic_libs/fs_functions.h" />
		<Unit filename="src/mocha/src/dynamic_libs/gx2_functions.c">
			<Option compilerVar="CC" />
		</Unit>
		<Unit filename="src/mocha/src/dynamic_libs/gx2_functions.h" />
		<Unit filename="src/mocha/src/dynamic_libs/gx2_types.h" />
		<Unit filename="src/mocha/src/dynamic_libs/os_functions.c">
			<Option compilerVar="CC" />
		</Unit>
		<Unit filename="src/mocha/src/dynamic_libs/os_functions.h" />
		<Unit filename="src/mocha/src/dynamic_libs/os_types.h" />
		<Unit filename="src/mocha/src/dynamic_libs/socket_functions.c">
			<Option compilerVar="CC" />
		</Unit>
		<Unit filename="src/mocha/src/dynamic_libs/socket_functions.h" />
		<Unit filename="src/mocha/src/dynamic_libs/sys_functions.c">
			<Option compilerVar="CC" />
		</Unit>
		<Unit filename="src/mocha/src/dynamic_libs/sys_functions.h" />
		<Unit filename="src/mocha/src/dynamic_libs/vpad_functions.c">
			<Option compilerVar="CC" />
		</Unit>
		<Unit filename="src/mocha/src/dynamic_libs/vpad_functions.h" />
		<Unit filename="src/mocha/src/entry.c">
			<Option compilerVar="CC" />
		</Unit>
		<Unit filename="src/mocha/src/fs/fs_utils.c">
			<Option compilerVar="CC" />
		</Unit>
		<Unit filename="src/mocha/src/fs/fs_utils.h" />
		<Unit filename="src/mocha/src/fs/sd_fat_devoptab.c">
			<Option compilerVar="CC" />
		</Unit>
		<Unit filename="src/mocha/src/fs/sd_fat_devoptab.h" />
		<Unit filename="src/mocha/src/ios_exploit.c">
			<Option compilerVar="CC" />
		</Unit>
		<Unit filename="src/mocha/src/ios_exploit.h" />
		<Unit filename="src/mocha/src/main.c">
			<Option compilerVar="CC" />
		</Unit>
		<Unit filename="src/mocha/src/main.h" />
		<Unit filename="src/mocha/src/menu.c">
			<Option compilerVar="CC" />
		</Unit>
		<Unit filename="src/mocha/src/menu.h" />
		<Unit filename="src/mocha/src/system/exception_handler.c">
			<Option compilerVar="CC" />
		</Unit>
		<Unit filename="src/mocha/src/system/exception_handler.h" />
		<Unit filename="src/mocha/src/system/memory.c">
			<Option compilerVar="CC" />
		</Unit>
		<Unit filename="src/mocha/src/system/memory.h" />
		<Unit filename="src/mocha/src/utils/logger.c">
			<Option compilerVar="CC" />
		</Unit>
		<Unit filename="src/mocha/src/utils/logger.h" />
		<Unit filename="src/mocha/src/utils/utils.h" />
		<Unit filename="src/modpackSelector.cpp" />
		<Unit filename="src/modpackSelector.h" />
		<Unit filename="src/patcher/extra_app_function_patcher.h" />
		<Unit filename="src/patcher/fs_function_patcher.cpp" />
		<Unit filename="src/patcher/fs_function_patcher.h" />
		<Unit filename="src/patcher/fs_function_utils.cpp" />
		<Unit filename="src/patcher/fs_function_utils.h" />
		<Unit filename="src/system/OSThread.h" />
		<Unit filename="src/system/exception_handler.c">
			<Option compilerVar="CC" />
		</Unit>
		<Unit filename="src/system/exception_handler.h" />
		<Unit filename="src/system/memory.c">
			<Option compilerVar="CC" />
		</Unit>
		<Unit filename="src/system/memory.h" />
		<Unit filename="src/utils/Directory.cpp" />
		<Unit filename="src/utils/Directory.h" />
		<Unit filename="src/utils/FileReplacerUtils.cpp" />
		<Unit filename="src/utils/FileReplacerUtils.h" />
		<Unit filename="src/utils/StringTools.cpp" />
		<Unit filename="src/utils/StringTools.h" />
		<Unit filename="src/utils/function_patcher.cpp" />
		<Unit filename="src/utils/function_patcher.h" />
		<Unit filename="src/utils/logger.c">
			<Option compilerVar="CC" />
		</Unit>
		<Unit filename="src/utils/logger.h" />
		<Unit filename="src/utils/mcpHook.cpp" />
		<Unit filename="src/utils/mcpHook.h" />
		<Unit filename="src/utils/mocha.cpp" />
		<Unit filename="src/utils/mocha.h" />
		<Extensions>
			<code_completion />
			<envvars />
			<debugger />
			<lib_finder disable_auto="1" />
		</Extensions>
	</Project>
</CodeBlocks_project_file>
